# THIS IS AN AUTOGENERATED FILE. DO NOT EDIT THIS FILE DIRECTLY.
# yarn lockfile v1


"@babel/runtime@^7.3.1", "@babel/runtime@^7.5.5":
  version "7.8.3"
  resolved "https://registry.yarnpkg.com/@babel/runtime/-/runtime-7.8.3.tgz#0811944f73a6c926bb2ad35e918dcc1bfab279f1"
  dependencies:
    regenerator-runtime "^0.13.2"

ansi-styles@^3.1.0:
  version "3.2.0"
  resolved "https://registry.yarnpkg.com/ansi-styles/-/ansi-styles-3.2.0.tgz#c159b8d5be0f9e5a6f346dab94f16ce022161b88"
  dependencies:
    color-convert "^1.9.0"

chalk@2.1.0:
  version "2.1.0"
  resolved "https://registry.yarnpkg.com/chalk/-/chalk-2.1.0.tgz#ac5becf14fa21b99c6c92ca7a7d7cfd5b17e743e"
  dependencies:
    ansi-styles "^3.1.0"
    escape-string-regexp "^1.0.5"
    supports-color "^4.0.0"

clsx@^1.1.0:
  version "1.1.0"
  resolved "https://registry.yarnpkg.com/clsx/-/clsx-1.1.0.tgz#62937c6adfea771247c34b54d320fb99624f5702"

color-convert@^1.9.0:
  version "1.9.0"
  resolved "https://registry.yarnpkg.com/color-convert/-/color-convert-1.9.0.tgz#1accf97dd739b983bf994d56fec8f95853641b7a"
  dependencies:
    color-name "^1.1.1"

color-name@^1.1.1:
  version "1.1.3"
  resolved "https://registry.yarnpkg.com/color-name/-/color-name-1.1.3.tgz#a7d0558bd89c42f795dd42328f740831ca53bc25"

commander@2.11.0:
  version "2.11.0"
  resolved "https://registry.yarnpkg.com/commander/-/commander-2.11.0.tgz#157152fd1e7a6c8d98a5b715cf376df928004563"

escape-string-regexp@^1.0.5:
  version "1.0.5"
  resolved "https://registry.yarnpkg.com/escape-string-regexp/-/escape-string-regexp-1.0.5.tgz#1b61c0562190a8dff6ae3bb2cf0200ca130b86d4"

has-flag@^2.0.0:
  version "2.0.0"
  resolved "https://registry.yarnpkg.com/has-flag/-/has-flag-2.0.0.tgz#e8207af1cc7b30d446cc70b734b5e8be18f88d51"

html-parse-stringify2@2.0.1:
  version "2.0.1"
  resolved "https://registry.yarnpkg.com/html-parse-stringify2/-/html-parse-stringify2-2.0.1.tgz#dc5670b7292ca158b7bc916c9a6735ac8872834a"
  dependencies:
    void-elements "^2.0.1"

i18next-browser-languagedetector@^4.0.1:
  version "4.0.1"
  resolved "https://registry.yarnpkg.com/i18next-browser-languagedetector/-/i18next-browser-languagedetector-4.0.1.tgz#6a0b44a93835146287130da36ce3d04a1836879f"
  dependencies:
    "@babel/runtime" "^7.5.5"

i18next@^19.0.3:
  version "19.0.3"
  resolved "https://registry.yarnpkg.com/i18next/-/i18next-19.0.3.tgz#31fd3165762d9802e08a2a86932db4eff5c862e9"
  dependencies:
    "@babel/runtime" "^7.3.1"

prettier@^1.19.1:
  version "1.19.1"
  resolved "https://registry.yarnpkg.com/prettier/-/prettier-1.19.1.tgz#f7d7f5ff8a9cd872a7be4ca142095956a60797cb"

react-i18next@^11.3.0:
  version "11.3.0"
  resolved "https://registry.yarnpkg.com/react-i18next/-/react-i18next-11.3.0.tgz#8c827b084708924fd2e8c787aca78e0f7966fa44"
  dependencies:
    "@babel/runtime" "^7.3.1"
    html-parse-stringify2 "2.0.1"

regenerator-runtime@^0.13.2:
  version "0.13.3"
  resolved "https://registry.yarnpkg.com/regenerator-runtime/-/regenerator-runtime-0.13.3.tgz#7cf6a77d8f5c6f60eb73c5fc1955b2ceb01e6bf5"

supports-color@^4.0.0:
  version "4.2.1"
  resolved "https://registry.yarnpkg.com/supports-color/-/supports-color-4.2.1.tgz#65a4bb2631e90e02420dba5554c375a4754bb836"
  dependencies:
    has-flag "^2.0.0"

void-elements@^2.0.1:
  version "2.0.1"
  resolved "https://registry.yarnpkg.com/void-elements/-/void-elements-2.0.1.tgz#c066afb582bb1cb4128d60ea92392e94d5e9dbec"
